Microsoft Visual Studio Solution File, Format Version 12.00
# Visual Studio Version 17
VisualStudioVersion = 17.14.36623.8
MinimumVisualStudioVersion = 10.0.40219.1
Project("{FAE04EC0-301F-11D3-BF4B-00C04F79EFBC}") = "InfernalInkSteelSuite.UI", "InfernalInkSteelSuite.UI\InfernalInkSteelSuite.UI.csproj", "{4F13DE96-BF67-401B-B6A6-3D43DEF95691}"
EndProject
Project("{FAE04EC0-301F-11D3-BF4B-00C04F79EFBC}") = "InfernalInkSteelSuite.Repositories", "Core\InfernalInkSteelSuite.Repositories\InfernalInkSteelSuite.Repositories.csproj", "{A8B220B6-662C-45A5-9260-3135C7A52223}"
EndProject
Project("{FAE04EC0-301F-11D3-BF4B-00C04F79EFBC}") = "InfernalInkSteelSuite.Data", "Core\InfernalInkSteelSuite.Data\InfernalInkSteelSuite.Data.csproj", "{A5E689E6-562D-4C94-9113-2BA6E8E6F52B}"
EndProject
Project("{FAE04EC0-301F-11D3-BF4B-00C04F79EFBC}") = "InfernalInkSteelSuite.Domain", "Core\InfernalInkSteelSuite.Domain\InfernalInkSteelSuite.Domain.csproj", "{B6E689E6-562D-4C94-9113-2BA6E8E6F52B}"
EndProject
Global
	GlobalSection(SolutionConfigurationPlatforms) = preSolution
		Debug|Any CPU = Debug|Any CPU
		Release|Any CPU = Release|Any CPU
	EndGlobalSection
	GlobalSection(ProjectConfigurationPlatforms) = postSolution
		{4F13DE96-BF67-401B-B6A6-3D43DEF95691}.Debug|Any CPU.ActiveCfg = Debug|Any CPU
		{4F13DE96-BF67-401B-B6A6-3D43DEF95691}.Debug|Any CPU.Build.0 = Debug|Any CPU
		{4F13DE96-BF67-401B-B6A6-3D43DEF95691}.Release|Any CPU.ActiveCfg = Release|Any CPU
		{4F13DE96-BF67-401B-B6A6-3D43DEF95691}.Release|Any CPU.Build.0 = Release|Any CPU
		{A8B220B6-662C-45A5-9260-3135C7A52223}.Debug|Any CPU.ActiveCfg = Debug|Any CPU
		{A8B220B6-662C-45A5-9260-3135C7A52223}.Debug|Any CPU.Build.0 = Debug|Any CPU
		{A8B220B6-662C-45A5-9260-3135C7A52223}.Release|Any CPU.ActiveCfg = Release|Any CPU
		{A8B220B6-662C-45A5-9260-3135C7A52223}.Release|Any CPU.Build.0 = Release|Any CPU
		{A5E689E6-562D-4C94-9113-2BA6E8E6F52B}.Debug|Any CPU.ActiveCfg = Debug|Any CPU
		{A5E689E6-562D-4C94-9113-2BA6E8E6F52B}.Debug|Any CPU.Build.0 = Debug|Any CPU
		{A5E689E6-562D-4C94-9113-2BA6E8E6F52B}.Release|Any CPU.ActiveCfg = Release|Any CPU
		{A5E689E6-562D-4C94-9113-2BA6E8E6F52B}.Release|Any CPU.Build.0 = Release|Any CPU
		{B6E689E6-562D-4C94-9113-2BA6E8E6F52B}.Debug|Any CPU.ActiveCfg = Debug|Any CPU
		{B6E689E6-562D-4C94-9113-2BA6E8E6F52B}.Debug|Any CPU.Build.0 = Debug|Any CPU
		{B6E689E6-562D-4C94-9113-2BA6E8E6F52B}.Release|Any CPU.ActiveCfg = Release|Any CPU
		{B6E689E6-562D-4C94-9113-2BA6E8E6F52B}.Release|Any CPU.Build.0 = Release|Any CPU
	EndGlobalSection
	GlobalSection(SolutionProperties) = preSolution
		HideSolutionNode = FALSE
	EndGlobalSection
	GlobalSection(ExtensibilityGlobals) = postSolution
		SolutionGuid = {5124CE3D-4A7A-4647-BCE9-D4C894A6FE54}
	EndGlobalSection
EndGlobal
