Microsoft Visual Studio Solution File, Format Version 12.00
# Visual Studio Version 17
VisualStudioVersion = 17.0.31903.59
MinimumVisualStudioVersion = 10.0.40219.1
Project("{FAE04EC0-301F-11D3-BF4B-00C04F79EFBC}") = "Infernal-Ink-Steel-Suite.manager", "Infernal-Ink-Steel-Suite.manager\Infernal-Ink-Steel-Suite.manager.csproj", "{D5E433E3-6351-4D66-8575-16B19251B249}"
EndProject
Project("{FAE04EC0-301F-11D3-BF4B-00C04F79EFBC}") = "InfernalInkSteelSuite.Domain", "InfernalInkSteelSuite.Domain\InfernalInkSteelSuite.Domain.csproj", "{A5E433E3-6351-4D66-8575-16B19251B249}"
EndProject
Project("{FAE04EC0-301F-11D3-BF4B-00C04F79EFBC}") = "InfernalInkSteelSuite.Data", "InfernalInkSteelSuite.Data\InfernalInkSteelSuite.Data.csproj", "{B5E433E3-6351-4D66-8575-16B19251B249}"
EndProject
Project("{FAE04EC0-301F-11D3-BF4B-00C04F79EFBC}") = "InfernalInkSteelSuite.Repositories", "InfernalInkSteelSuite.Repositories\InfernalInkSteelSuite.Repositories.csproj", "{C5E433E3-6351-4D66-8575-16B19251B249}"
EndProject
Global
	GlobalSection(SolutionConfigurationPlatforms) = preSolution
		Debug|Any CPU = Debug|Any CPU
		Release|Any CPU = Release|Any CPU
	EndGlobalSection
	GlobalSection(ProjectConfigurationPlatforms) = postSolution
		{D5E433E3-6351-4D66-8575-16B19251B249}.Debug|Any CPU.ActiveCfg = Debug|Any CPU
		{D5E433E3-6351-4D66-8575-16B19251B249}.Debug|Any CPU.Build.0 = Debug|Any CPU
		{D5E433E3-6351-4D66-8575-16B19251B249}.Release|Any CPU.ActiveCfg = Release|Any CPU
		{D5E433E3-6351-4D66-8575-16B19251B249}.Release|Any CPU.Build.0 = Release|Any CPU
		{A5E433E3-6351-4D66-8575-16B19251B249}.Debug|Any CPU.ActiveCfg = Debug|Any CPU
		{A5E433E3-6351-4D66-8575-16B19251B249}.Debug|Any CPU.Build.0 = Debug|Any CPU
		{A5E433E3-6351-4D66-8575-16B19251B249}.Release|Any CPU.ActiveCfg = Release|Any CPU
		{A5E433E3-6351-4D66-8575-16B19251B249}.Release|Any CPU.Build.0 = Release|Any CPU
		{B5E433E3-6351-4D66-8575-16B19251B249}.Debug|Any CPU.ActiveCfg = Debug|Any CPU
		{B5E433E3-6351-4D66-8575-16B19251B249}.Debug|Any CPU.Build.0 = Debug|Any CPU
		{B5E433E3-6351-4D66-8575-16B19251B249}.Release|Any CPU.ActiveCfg = Release|Any CPU
		{B5E433E3-6351-4D66-8575-16B19251B249}.Release|Any CPU.Build.0 = Release|Any CPU
		{C5E433E3-6351-4D66-8575-16B19251B249}.Debug|Any CPU.ActiveCfg = Debug|Any CPU
		{C5E433E3-6351-4D66-8575-16B19251B249}.Debug|Any CPU.Build.0 = Debug|Any CPU
		{C5E433E3-6351-4D66-8575-16B19251B249}.Release|Any CPU.ActiveCfg = Release|Any CPU
		{C5E433E3-6351-4D66-8575-16B19251B249}.Release|Any CPU.Build.0 = Release|Any CPU
	EndGlobalSection
	GlobalSection(SolutionProperties) = preSolution
		HideSolutionNode = FALSE
	EndGlobalSection
EndGlobal
